
Microsoft Visual Studio Solution File, Format Version 12.00
# Visual Studio 15
VisualStudioVersion = 15.0.28307.271
MinimumVisualStudioVersion = 10.0.40219.1
Project("{FAE04EC0-301F-11D3-BF4B-00C04F79EFBC}") = "MaxValidationDepthBugRepro", "MaxValidationDepthBugRepro\MaxValidationDepthBugRepro.csproj", "{56A09768-58D6-426A-B6E7-F67E4885E4B4}"
EndProject
Global
	GlobalSection(SolutionConfigurationPlatforms) = preSolution
		Debug|Any CPU = Debug|Any CPU
		Release|Any CPU = Release|Any CPU
	EndGlobalSection
	GlobalSection(ProjectConfigurationPlatforms) = postSolution
		{56A09768-58D6-426A-B6E7-F67E4885E4B4}.Debug|Any CPU.ActiveCfg = Debug|Any CPU
		{56A09768-58D6-426A-B6E7-F67E4885E4B4}.Debug|Any CPU.Build.0 = Debug|Any CPU
		{56A09768-58D6-426A-B6E7-F67E4885E4B4}.Release|Any CPU.ActiveCfg = Release|Any CPU
		{56A09768-58D6-426A-B6E7-F67E4885E4B4}.Release|Any CPU.Build.0 = Release|Any CPU
	EndGlobalSection
	GlobalSection(SolutionProperties) = preSolution
		HideSolutionNode = FALSE
	EndGlobalSection
	GlobalSection(ExtensibilityGlobals) = postSolution
		SolutionGuid = {E894DC10-5725-4B82-B740-4FC90039090A}
	EndGlobalSection
EndGlobal
